
Microsoft Visual Studio Solution File, Format Version 12.00
# Visual Studio Version 17
VisualStudioVersion = 17.0.31903.59
MinimumVisualStudioVersion = 10.0.40219.1
Project("{FAE04EC0-301F-11D3-BF4B-00C04F79EFBC}") = "LinearSearch", "LinearSearch\LinearSearch.csproj", "{D47F84EB-2662-49BD-AA91-BA70F16019E6}"
EndProject
Project("{FAE04EC0-301F-11D3-BF4B-00C04F79EFBC}") = "BinarySearching", "BinarySearching\BinarySearching.csproj", "{AA097131-C36C-44CC-AD81-606E2EE70CE7}"
EndProject
Global
	GlobalSection(SolutionConfigurationPlatforms) = preSolution
		Debug|Any CPU = Debug|Any CPU
		Release|Any CPU = Release|Any CPU
	EndGlobalSection
	GlobalSection(ProjectConfigurationPlatforms) = postSolution
		{D47F84EB-2662-49BD-AA91-BA70F16019E6}.Debug|Any CPU.ActiveCfg = Debug|Any CPU
		{D47F84EB-2662-49BD-AA91-BA70F16019E6}.Debug|Any CPU.Build.0 = Debug|Any CPU
		{D47F84EB-2662-49BD-AA91-BA70F16019E6}.Release|Any CPU.ActiveCfg = Release|Any CPU
		{D47F84EB-2662-49BD-AA91-BA70F16019E6}.Release|Any CPU.Build.0 = Release|Any CPU
		{AA097131-C36C-44CC-AD81-606E2EE70CE7}.Debug|Any CPU.ActiveCfg = Debug|Any CPU
		{AA097131-C36C-44CC-AD81-606E2EE70CE7}.Debug|Any CPU.Build.0 = Debug|Any CPU
		{AA097131-C36C-44CC-AD81-606E2EE70CE7}.Release|Any CPU.ActiveCfg = Release|Any CPU
		{AA097131-C36C-44CC-AD81-606E2EE70CE7}.Release|Any CPU.Build.0 = Release|Any CPU
	EndGlobalSection
	GlobalSection(SolutionProperties) = preSolution
		HideSolutionNode = FALSE
	EndGlobalSection
	GlobalSection(ExtensibilityGlobals) = postSolution
		SolutionGuid = {BC19BBCD-2140-42A5-9815-F44A5757AAD6}
	EndGlobalSection
EndGlobal
