
Microsoft Visual Studio Solution File, Format Version 12.00
# Visual Studio Version 17
VisualStudioVersion = 17.0.31903.59
MinimumVisualStudioVersion = 10.0.40219.1
Project("{9A19103F-16F7-4668-BE54-9A1E7A4F7556}") = "BubbleSort", "BubbleSort\BubbleSort.csproj", "{2A90E8AC-E3C2-4ACD-B615-9689D2BDB48B}"
EndProject
Project("{9A19103F-16F7-4668-BE54-9A1E7A4F7556}") = "QuickSort", "QuickSort\QuickSort.csproj", "{5E8066E5-BB0E-4098-90AB-E53E49F5C0F1}"
EndProject
Global
	GlobalSection(SolutionConfigurationPlatforms) = preSolution
		Debug|Any CPU = Debug|Any CPU
		Release|Any CPU = Release|Any CPU
	EndGlobalSection
	GlobalSection(ProjectConfigurationPlatforms) = postSolution
		{2A90E8AC-E3C2-4ACD-B615-9689D2BDB48B}.Debug|Any CPU.ActiveCfg = Debug|Any CPU
		{2A90E8AC-E3C2-4ACD-B615-9689D2BDB48B}.Debug|Any CPU.Build.0 = Debug|Any CPU
		{2A90E8AC-E3C2-4ACD-B615-9689D2BDB48B}.Release|Any CPU.ActiveCfg = Release|Any CPU
		{2A90E8AC-E3C2-4ACD-B615-9689D2BDB48B}.Release|Any CPU.Build.0 = Release|Any CPU
		{5E8066E5-BB0E-4098-90AB-E53E49F5C0F1}.Debug|Any CPU.ActiveCfg = Debug|Any CPU
		{5E8066E5-BB0E-4098-90AB-E53E49F5C0F1}.Debug|Any CPU.Build.0 = Debug|Any CPU
		{5E8066E5-BB0E-4098-90AB-E53E49F5C0F1}.Release|Any CPU.ActiveCfg = Release|Any CPU
		{5E8066E5-BB0E-4098-90AB-E53E49F5C0F1}.Release|Any CPU.Build.0 = Release|Any CPU
	EndGlobalSection
	GlobalSection(SolutionProperties) = preSolution
		HideSolutionNode = FALSE
	EndGlobalSection
	GlobalSection(ExtensibilityGlobals) = postSolution
		SolutionGuid = {A66CE79B-8EEC-491E-9D21-DEAA305FBD3A}
	EndGlobalSection
EndGlobal
